
Microsoft Visual Studio Solution File, Format Version 12.00
Project("{2150E333-8FDC-42A3-9474-1A3956D46DE8}") = "Luna.Models", "Luna.Models", "{A3AD836B-A04F-42A6-AD22-BC38C6BCD16A}"
EndProject
Project("{2150E333-8FDC-42A3-9474-1A3956D46DE8}") = "Luna.Users", "Luna.Users", "{D4CED03D-3B7F-43EA-A674-D8EB243AA663}"
EndProject
Project("{FAE04EC0-301F-11D3-BF4B-00C04F79EFBC}") = "Luna.Users.Repositories", "Luna.Users.Repositories\Luna.Users.Repositories.csproj", "{B7D97109-3B7F-472C-A464-C1E50937C5CE}"
EndProject
Project("{FAE04EC0-301F-11D3-BF4B-00C04F79EFBC}") = "Luna.Models.Users.Database", "Luna.Models.Users.Database\Luna.Models.Users.Database.csproj", "{D4818294-2CBE-4F38-9A73-3F0708FDD6A9}"
EndProject
Project("{FAE04EC0-301F-11D3-BF4B-00C04F79EFBC}") = "Luna.Users.Grpc", "Luna.Users.Grpc\Luna.Users.Grpc.csproj", "{D6540B49-AB2E-4E0C-931A-D6656925E9BD}"
EndProject
Project("{2150E333-8FDC-42A3-9474-1A3956D46DE8}") = "Services", "Services", "{F592DFB1-9332-48D3-A987-D67D7F4EA139}"
EndProject
Project("{2150E333-8FDC-42A3-9474-1A3956D46DE8}") = "Luna.SharedDataAccess", "Luna.SharedDataAccess", "{3C2E43FD-5A56-4058-BD9C-F05DCDA07D56}"
EndProject
Project("{FAE04EC0-301F-11D3-BF4B-00C04F79EFBC}") = "Luna.SharedDataAccess.Users", "Luna.SharedDataAccess.Users\Luna.SharedDataAccess.Users.csproj", "{76AF30FB-EB16-4E0C-9C83-7DCCFF4ECE25}"
EndProject
Project("{FAE04EC0-301F-11D3-BF4B-00C04F79EFBC}") = "Luna.Models.Users.Domain", "Luna.Models.Users.Domain\Luna.Models.Users.Domain.csproj", "{1FD66F04-4854-4B42-B059-2E23438CC34C}"
EndProject
Project("{2150E333-8FDC-42A3-9474-1A3956D46DE8}") = "Luna.Models.Users", "Luna.Models.Users", "{E3D81343-ADD0-4715-B2F0-BC347C365424}"
EndProject
Project("{FAE04EC0-301F-11D3-BF4B-00C04F79EFBC}") = "Luna.Models.Users.View", "Luna.Models.Users.View\Luna.Models.Users.View.csproj", "{5F79FC09-979E-48C4-A9BE-8506CC3A7D93}"
EndProject
Project("{2150E333-8FDC-42A3-9474-1A3956D46DE8}") = "Luna.Resources", "Luna.Resources", "{C060319C-F010-413C-916A-333BD794E334}"
EndProject
Project("{FAE04EC0-301F-11D3-BF4B-00C04F79EFBC}") = "Luna.Resources.API", "Luna.Resources.API\Luna.Resources.API.csproj", "{350629E8-608E-4885-A41C-66143E68CC44}"
EndProject
Global
	GlobalSection(SolutionConfigurationPlatforms) = preSolution
		Debug|Any CPU = Debug|Any CPU
		Release|Any CPU = Release|Any CPU
	EndGlobalSection
	GlobalSection(NestedProjects) = preSolution
		{B7D97109-3B7F-472C-A464-C1E50937C5CE} = {D4CED03D-3B7F-43EA-A674-D8EB243AA663}
		{D6540B49-AB2E-4E0C-931A-D6656925E9BD} = {D4CED03D-3B7F-43EA-A674-D8EB243AA663}
		{D4CED03D-3B7F-43EA-A674-D8EB243AA663} = {F592DFB1-9332-48D3-A987-D67D7F4EA139}
		{76AF30FB-EB16-4E0C-9C83-7DCCFF4ECE25} = {3C2E43FD-5A56-4058-BD9C-F05DCDA07D56}
		{E3D81343-ADD0-4715-B2F0-BC347C365424} = {A3AD836B-A04F-42A6-AD22-BC38C6BCD16A}
		{D4818294-2CBE-4F38-9A73-3F0708FDD6A9} = {E3D81343-ADD0-4715-B2F0-BC347C365424}
		{1FD66F04-4854-4B42-B059-2E23438CC34C} = {E3D81343-ADD0-4715-B2F0-BC347C365424}
		{5F79FC09-979E-48C4-A9BE-8506CC3A7D93} = {E3D81343-ADD0-4715-B2F0-BC347C365424}
		{350629E8-608E-4885-A41C-66143E68CC44} = {C060319C-F010-413C-916A-333BD794E334}
	EndGlobalSection
	GlobalSection(ProjectConfigurationPlatforms) = postSolution
		{B7D97109-3B7F-472C-A464-C1E50937C5CE}.Debug|Any CPU.ActiveCfg = Debug|Any CPU
		{B7D97109-3B7F-472C-A464-C1E50937C5CE}.Debug|Any CPU.Build.0 = Debug|Any CPU
		{B7D97109-3B7F-472C-A464-C1E50937C5CE}.Release|Any CPU.ActiveCfg = Release|Any CPU
		{B7D97109-3B7F-472C-A464-C1E50937C5CE}.Release|Any CPU.Build.0 = Release|Any CPU
		{D4818294-2CBE-4F38-9A73-3F0708FDD6A9}.Debug|Any CPU.ActiveCfg = Debug|Any CPU
		{D4818294-2CBE-4F38-9A73-3F0708FDD6A9}.Debug|Any CPU.Build.0 = Debug|Any CPU
		{D4818294-2CBE-4F38-9A73-3F0708FDD6A9}.Release|Any CPU.ActiveCfg = Release|Any CPU
		{D4818294-2CBE-4F38-9A73-3F0708FDD6A9}.Release|Any CPU.Build.0 = Release|Any CPU
		{D6540B49-AB2E-4E0C-931A-D6656925E9BD}.Debug|Any CPU.ActiveCfg = Debug|Any CPU
		{D6540B49-AB2E-4E0C-931A-D6656925E9BD}.Debug|Any CPU.Build.0 = Debug|Any CPU
		{D6540B49-AB2E-4E0C-931A-D6656925E9BD}.Release|Any CPU.ActiveCfg = Release|Any CPU
		{D6540B49-AB2E-4E0C-931A-D6656925E9BD}.Release|Any CPU.Build.0 = Release|Any CPU
		{76AF30FB-EB16-4E0C-9C83-7DCCFF4ECE25}.Debug|Any CPU.ActiveCfg = Debug|Any CPU
		{76AF30FB-EB16-4E0C-9C83-7DCCFF4ECE25}.Debug|Any CPU.Build.0 = Debug|Any CPU
		{76AF30FB-EB16-4E0C-9C83-7DCCFF4ECE25}.Release|Any CPU.ActiveCfg = Release|Any CPU
		{76AF30FB-EB16-4E0C-9C83-7DCCFF4ECE25}.Release|Any CPU.Build.0 = Release|Any CPU
		{1FD66F04-4854-4B42-B059-2E23438CC34C}.Debug|Any CPU.ActiveCfg = Debug|Any CPU
		{1FD66F04-4854-4B42-B059-2E23438CC34C}.Debug|Any CPU.Build.0 = Debug|Any CPU
		{1FD66F04-4854-4B42-B059-2E23438CC34C}.Release|Any CPU.ActiveCfg = Release|Any CPU
		{1FD66F04-4854-4B42-B059-2E23438CC34C}.Release|Any CPU.Build.0 = Release|Any CPU
		{5F79FC09-979E-48C4-A9BE-8506CC3A7D93}.Debug|Any CPU.ActiveCfg = Debug|Any CPU
		{5F79FC09-979E-48C4-A9BE-8506CC3A7D93}.Debug|Any CPU.Build.0 = Debug|Any CPU
		{5F79FC09-979E-48C4-A9BE-8506CC3A7D93}.Release|Any CPU.ActiveCfg = Release|Any CPU
		{5F79FC09-979E-48C4-A9BE-8506CC3A7D93}.Release|Any CPU.Build.0 = Release|Any CPU
		{350629E8-608E-4885-A41C-66143E68CC44}.Debug|Any CPU.ActiveCfg = Debug|Any CPU
		{350629E8-608E-4885-A41C-66143E68CC44}.Debug|Any CPU.Build.0 = Debug|Any CPU
		{350629E8-608E-4885-A41C-66143E68CC44}.Release|Any CPU.ActiveCfg = Release|Any CPU
		{350629E8-608E-4885-A41C-66143E68CC44}.Release|Any CPU.Build.0 = Release|Any CPU
	EndGlobalSection
EndGlobal
