
Microsoft Visual Studio Solution File, Format Version 12.00
Project("{2150E333-8FDC-42A3-9474-1A3956D46DE8}") = "Luna.Models", "Luna.Models", "{A3AD836B-A04F-42A6-AD22-BC38C6BCD16A}"
EndProject
Project("{2150E333-8FDC-42A3-9474-1A3956D46DE8}") = "Luna.Users", "Luna.Users", "{D4CED03D-3B7F-43EA-A674-D8EB243AA663}"
EndProject
Project("{FAE04EC0-301F-11D3-BF4B-00C04F79EFBC}") = "Luna.Users.Repositories", "Luna.Users.Repositories\Luna.Users.Repositories.csproj", "{B7D97109-3B7F-472C-A464-C1E50937C5CE}"
EndProject
Project("{FAE04EC0-301F-11D3-BF4B-00C04F79EFBC}") = "Luna.Models.Users.Database", "Luna.Models.Users.Database\Luna.Models.Users.Database.csproj", "{D4818294-2CBE-4F38-9A73-3F0708FDD6A9}"
EndProject
Project("{FAE04EC0-301F-11D3-BF4B-00C04F79EFBC}") = "Luna.Users.Grpc", "Luna.Users.Grpc\Luna.Users.Grpc.csproj", "{D6540B49-AB2E-4E0C-931A-D6656925E9BD}"
EndProject
Project("{2150E333-8FDC-42A3-9474-1A3956D46DE8}") = "Luna.Services", "Luna.Services", "{F592DFB1-9332-48D3-A987-D67D7F4EA139}"
EndProject
Project("{2150E333-8FDC-42A3-9474-1A3956D46DE8}") = "Luna.SharedDataAccess", "Luna.SharedDataAccess", "{3C2E43FD-5A56-4058-BD9C-F05DCDA07D56}"
EndProject
Project("{FAE04EC0-301F-11D3-BF4B-00C04F79EFBC}") = "Luna.SharedDataAccess.Users", "Luna.SharedDataAccess.Users\Luna.SharedDataAccess.Users.csproj", "{76AF30FB-EB16-4E0C-9C83-7DCCFF4ECE25}"
EndProject
Project("{FAE04EC0-301F-11D3-BF4B-00C04F79EFBC}") = "Luna.Models.Users.Domain", "Luna.Models.Users.Domain\Luna.Models.Users.Domain.csproj", "{1FD66F04-4854-4B42-B059-2E23438CC34C}"
EndProject
Project("{2150E333-8FDC-42A3-9474-1A3956D46DE8}") = "Luna.Models.Users", "Luna.Models.Users", "{E3D81343-ADD0-4715-B2F0-BC347C365424}"
EndProject
Project("{FAE04EC0-301F-11D3-BF4B-00C04F79EFBC}") = "Luna.Models.Users.View", "Luna.Models.Users.View\Luna.Models.Users.View.csproj", "{5F79FC09-979E-48C4-A9BE-8506CC3A7D93}"
EndProject
Project("{2150E333-8FDC-42A3-9474-1A3956D46DE8}") = "Luna.Resources", "Luna.Resources", "{C060319C-F010-413C-916A-333BD794E334}"
EndProject
Project("{FAE04EC0-301F-11D3-BF4B-00C04F79EFBC}") = "Luna.Resources.API", "Luna.Resources.API\Luna.Resources.API.csproj", "{350629E8-608E-4885-A41C-66143E68CC44}"
EndProject
Project("{FAE04EC0-301F-11D3-BF4B-00C04F79EFBC}") = "Luna.Gateway.API", "Luna.Gateway.API\Luna.Gateway.API.csproj", "{7D1825DB-B3FD-4703-AACC-5E7B0D28703B}"
EndProject
Project("{FAE04EC0-301F-11D3-BF4B-00C04F79EFBC}") = "Luna.Models.Users.Blank", "Luna.Models.Users.Blank\Luna.Models.Users.Blank.csproj", "{E2B05FFA-8528-4007-A150-8735CE956BDC}"
EndProject
Project("{2150E333-8FDC-42A3-9474-1A3956D46DE8}") = "DatabaseFiles", "DatabaseFiles", "{723143FB-E2AC-4B62-9326-C6C5661CAD74}"
	ProjectSection(SolutionItems) = preProject
		sql\luna_tasks.sql = sql\luna_tasks.sql
		sql\luna_workspace.sql = sql\luna_workspace.sql
		sql\luna_users.sql = sql\luna_users.sql
	EndProjectSection
EndProject
Project("{2150E333-8FDC-42A3-9474-1A3956D46DE8}") = "Luna.Models.Workspace", "Luna.Models.Workspace", "{E1BC0A39-E638-4C1C-9BFC-CD3908EF4E70}"
EndProject
Project("{FAE04EC0-301F-11D3-BF4B-00C04F79EFBC}") = "Luna.Models.Workspace.Database", "Luna.Models.Workspace.Database\Luna.Models.Workspace.Database.csproj", "{C405EE2B-53E7-4811-B8DA-292DCF80F87F}"
EndProject
Project("{FAE04EC0-301F-11D3-BF4B-00C04F79EFBC}") = "Luna.Models.Workspace.Domain", "Luna.Models.Workspace.Domain\Luna.Models.Workspace.Domain.csproj", "{4753EB99-00F3-4DC9-918B-C96740CAE006}"
EndProject
Project("{FAE04EC0-301F-11D3-BF4B-00C04F79EFBC}") = "Luna.Models.Workspace.View", "Luna.Models.Workspace.View\Luna.Models.Workspace.View.csproj", "{A899A285-7971-41DE-A56A-BA1FB8CCB0EB}"
EndProject
Project("{FAE04EC0-301F-11D3-BF4B-00C04F79EFBC}") = "Luna.Models.Workspace.Blank", "Luna.Models.Workspace.Blank\Luna.Models.Workspace.Blank.csproj", "{D24DFE51-8B95-4C37-B659-17F73EB737B4}"
EndProject
Project("{2150E333-8FDC-42A3-9474-1A3956D46DE8}") = "Luna.Workspaces", "Luna.Workspaces", "{F4F952E4-11A7-4290-935B-765B88190533}"
EndProject
Project("{FAE04EC0-301F-11D3-BF4B-00C04F79EFBC}") = "Luna.Workspaces.Repositories", "Luna.Workspaces.Repositories\Luna.Workspaces.Repositories.csproj", "{CE6C4808-F8D1-451B-BE3A-0D0DA2B549DD}"
EndProject
Project("{FAE04EC0-301F-11D3-BF4B-00C04F79EFBC}") = "Luna.Workspaces.Services", "Luna.Workspaces.Services\Luna.Workspaces.Services.csproj", "{5CE73A28-418A-4376-B618-C7AB4462E09C}"
EndProject
Project("{FAE04EC0-301F-11D3-BF4B-00C04F79EFBC}") = "Luna.Workspace.API", "Luna.Workspace.API\Luna.Workspace.API.csproj", "{992A5EE6-4AA2-4CB6-9007-0C709FFD9D62}"
EndProject
Project("{FAE04EC0-301F-11D3-BF4B-00C04F79EFBC}") = "Luna.Users.API", "Luna.Users.API\Luna.Users.API.csproj", "{A4B06AA7-F095-424D-A3CF-70CE0BBEC619}"
EndProject
Project("{2150E333-8FDC-42A3-9474-1A3956D46DE8}") = "Luna.Auth", "Luna.Auth", "{9768AA4E-F542-4B2E-8E4D-0D36A45F38A8}"
EndProject
Project("{2150E333-8FDC-42A3-9474-1A3956D46DE8}") = "Luna.Tools", "Luna.Tools", "{50722861-FE99-4B0B-9E70-05871A99C26E}"
EndProject
Project("{FAE04EC0-301F-11D3-BF4B-00C04F79EFBC}") = "Luna.Tools", "Luna.Tools\Luna.Tools.csproj", "{6858A74A-BA18-4E5A-B626-E4F19B33D0B9}"
EndProject
Project("{FAE04EC0-301F-11D3-BF4B-00C04F79EFBC}") = "Luna.Auth.API", "Luna.Auth.API\Luna.Auth.API.csproj", "{B79D57F2-2DC3-4E18-B00C-BD330BB8DA1D}"
EndProject
Project("{2150E333-8FDC-42A3-9474-1A3956D46DE8}") = "Luna.Models.Auth", "Luna.Models.Auth", "{8984C240-77BB-468E-ABA3-C3FCEE93C2DB}"
EndProject
Project("{FAE04EC0-301F-11D3-BF4B-00C04F79EFBC}") = "Luna.Models.Auth.Database", "Luna.Models.Auth.Database\Luna.Models.Auth.Database.csproj", "{159FF23C-9EA9-4366-9495-879814668922}"
EndProject
Project("{FAE04EC0-301F-11D3-BF4B-00C04F79EFBC}") = "Luna.Models.Auth.Blank", "Luna.Models.Auth.Blank\Luna.Models.Auth.Blank.csproj", "{77568DF1-716A-4A71-A790-68354DEF934F}"
EndProject
Project("{FAE04EC0-301F-11D3-BF4B-00C04F79EFBC}") = "Luna.Models.Auth.Domain", "Luna.Models.Auth.Domain\Luna.Models.Auth.Domain.csproj", "{54682D1C-1A9A-458C-94EA-272BF3B0AFDC}"
EndProject
Project("{FAE04EC0-301F-11D3-BF4B-00C04F79EFBC}") = "Luna.Auth.Repositories", "Luna.Auth.Repositories\Luna.Auth.Repositories.csproj", "{36FA5977-0003-4A6F-9B93-8001BC963B6B}"
EndProject
Project("{FAE04EC0-301F-11D3-BF4B-00C04F79EFBC}") = "Luna.Auth.Services", "Luna.Auth.Services\Luna.Auth.Services.csproj", "{31965248-CEB1-44BC-9957-A1187644DFED}"
EndProject
Project("{FAE04EC0-301F-11D3-BF4B-00C04F79EFBC}") = "Luna.Users.Services", "Luna.Users.Services\Luna.Users.Services.csproj", "{D057CAF6-16C1-4F5D-A7CF-C43B5200054D}"
EndProject
Project("{2150E333-8FDC-42A3-9474-1A3956D46DE8}") = "Solution Items", "Solution Items", "{AB5B51C4-8509-4FFF-A798-0D94BFFC770C}"
	ProjectSection(SolutionItems) = preProject
		docker-compose.yml = docker-compose.yml
	EndProjectSection
EndProject
Global
	GlobalSection(SolutionConfigurationPlatforms) = preSolution
		Debug|Any CPU = Debug|Any CPU
		Release|Any CPU = Release|Any CPU
	EndGlobalSection
	GlobalSection(NestedProjects) = preSolution
		{B7D97109-3B7F-472C-A464-C1E50937C5CE} = {D4CED03D-3B7F-43EA-A674-D8EB243AA663}
		{D6540B49-AB2E-4E0C-931A-D6656925E9BD} = {D4CED03D-3B7F-43EA-A674-D8EB243AA663}
		{D4CED03D-3B7F-43EA-A674-D8EB243AA663} = {F592DFB1-9332-48D3-A987-D67D7F4EA139}
		{76AF30FB-EB16-4E0C-9C83-7DCCFF4ECE25} = {3C2E43FD-5A56-4058-BD9C-F05DCDA07D56}
		{E3D81343-ADD0-4715-B2F0-BC347C365424} = {A3AD836B-A04F-42A6-AD22-BC38C6BCD16A}
		{D4818294-2CBE-4F38-9A73-3F0708FDD6A9} = {E3D81343-ADD0-4715-B2F0-BC347C365424}
		{1FD66F04-4854-4B42-B059-2E23438CC34C} = {E3D81343-ADD0-4715-B2F0-BC347C365424}
		{5F79FC09-979E-48C4-A9BE-8506CC3A7D93} = {E3D81343-ADD0-4715-B2F0-BC347C365424}
		{350629E8-608E-4885-A41C-66143E68CC44} = {C060319C-F010-413C-916A-333BD794E334}
		{7D1825DB-B3FD-4703-AACC-5E7B0D28703B} = {F592DFB1-9332-48D3-A987-D67D7F4EA139}
		{E2B05FFA-8528-4007-A150-8735CE956BDC} = {E3D81343-ADD0-4715-B2F0-BC347C365424}
		{E1BC0A39-E638-4C1C-9BFC-CD3908EF4E70} = {A3AD836B-A04F-42A6-AD22-BC38C6BCD16A}
		{C405EE2B-53E7-4811-B8DA-292DCF80F87F} = {E1BC0A39-E638-4C1C-9BFC-CD3908EF4E70}
		{4753EB99-00F3-4DC9-918B-C96740CAE006} = {E1BC0A39-E638-4C1C-9BFC-CD3908EF4E70}
		{A899A285-7971-41DE-A56A-BA1FB8CCB0EB} = {E1BC0A39-E638-4C1C-9BFC-CD3908EF4E70}
		{D24DFE51-8B95-4C37-B659-17F73EB737B4} = {E1BC0A39-E638-4C1C-9BFC-CD3908EF4E70}
		{F4F952E4-11A7-4290-935B-765B88190533} = {F592DFB1-9332-48D3-A987-D67D7F4EA139}
		{CE6C4808-F8D1-451B-BE3A-0D0DA2B549DD} = {F4F952E4-11A7-4290-935B-765B88190533}
		{5CE73A28-418A-4376-B618-C7AB4462E09C} = {F4F952E4-11A7-4290-935B-765B88190533}
		{992A5EE6-4AA2-4CB6-9007-0C709FFD9D62} = {F4F952E4-11A7-4290-935B-765B88190533}
		{A4B06AA7-F095-424D-A3CF-70CE0BBEC619} = {D4CED03D-3B7F-43EA-A674-D8EB243AA663}
		{9768AA4E-F542-4B2E-8E4D-0D36A45F38A8} = {F592DFB1-9332-48D3-A987-D67D7F4EA139}
		{6858A74A-BA18-4E5A-B626-E4F19B33D0B9} = {50722861-FE99-4B0B-9E70-05871A99C26E}
		{B79D57F2-2DC3-4E18-B00C-BD330BB8DA1D} = {9768AA4E-F542-4B2E-8E4D-0D36A45F38A8}
		{8984C240-77BB-468E-ABA3-C3FCEE93C2DB} = {A3AD836B-A04F-42A6-AD22-BC38C6BCD16A}
		{159FF23C-9EA9-4366-9495-879814668922} = {8984C240-77BB-468E-ABA3-C3FCEE93C2DB}
		{77568DF1-716A-4A71-A790-68354DEF934F} = {8984C240-77BB-468E-ABA3-C3FCEE93C2DB}
		{54682D1C-1A9A-458C-94EA-272BF3B0AFDC} = {8984C240-77BB-468E-ABA3-C3FCEE93C2DB}
		{36FA5977-0003-4A6F-9B93-8001BC963B6B} = {9768AA4E-F542-4B2E-8E4D-0D36A45F38A8}
		{31965248-CEB1-44BC-9957-A1187644DFED} = {9768AA4E-F542-4B2E-8E4D-0D36A45F38A8}
		{D057CAF6-16C1-4F5D-A7CF-C43B5200054D} = {D4CED03D-3B7F-43EA-A674-D8EB243AA663}
	EndGlobalSection
	GlobalSection(ProjectConfigurationPlatforms) = postSolution
		{B7D97109-3B7F-472C-A464-C1E50937C5CE}.Debug|Any CPU.ActiveCfg = Debug|Any CPU
		{B7D97109-3B7F-472C-A464-C1E50937C5CE}.Debug|Any CPU.Build.0 = Debug|Any CPU
		{B7D97109-3B7F-472C-A464-C1E50937C5CE}.Release|Any CPU.ActiveCfg = Release|Any CPU
		{B7D97109-3B7F-472C-A464-C1E50937C5CE}.Release|Any CPU.Build.0 = Release|Any CPU
		{D4818294-2CBE-4F38-9A73-3F0708FDD6A9}.Debug|Any CPU.ActiveCfg = Debug|Any CPU
		{D4818294-2CBE-4F38-9A73-3F0708FDD6A9}.Debug|Any CPU.Build.0 = Debug|Any CPU
		{D4818294-2CBE-4F38-9A73-3F0708FDD6A9}.Release|Any CPU.ActiveCfg = Release|Any CPU
		{D4818294-2CBE-4F38-9A73-3F0708FDD6A9}.Release|Any CPU.Build.0 = Release|Any CPU
		{D6540B49-AB2E-4E0C-931A-D6656925E9BD}.Debug|Any CPU.ActiveCfg = Debug|Any CPU
		{D6540B49-AB2E-4E0C-931A-D6656925E9BD}.Debug|Any CPU.Build.0 = Debug|Any CPU
		{D6540B49-AB2E-4E0C-931A-D6656925E9BD}.Release|Any CPU.ActiveCfg = Release|Any CPU
		{D6540B49-AB2E-4E0C-931A-D6656925E9BD}.Release|Any CPU.Build.0 = Release|Any CPU
		{76AF30FB-EB16-4E0C-9C83-7DCCFF4ECE25}.Debug|Any CPU.ActiveCfg = Debug|Any CPU
		{76AF30FB-EB16-4E0C-9C83-7DCCFF4ECE25}.Debug|Any CPU.Build.0 = Debug|Any CPU
		{76AF30FB-EB16-4E0C-9C83-7DCCFF4ECE25}.Release|Any CPU.ActiveCfg = Release|Any CPU
		{76AF30FB-EB16-4E0C-9C83-7DCCFF4ECE25}.Release|Any CPU.Build.0 = Release|Any CPU
		{1FD66F04-4854-4B42-B059-2E23438CC34C}.Debug|Any CPU.ActiveCfg = Debug|Any CPU
		{1FD66F04-4854-4B42-B059-2E23438CC34C}.Debug|Any CPU.Build.0 = Debug|Any CPU
		{1FD66F04-4854-4B42-B059-2E23438CC34C}.Release|Any CPU.ActiveCfg = Release|Any CPU
		{1FD66F04-4854-4B42-B059-2E23438CC34C}.Release|Any CPU.Build.0 = Release|Any CPU
		{5F79FC09-979E-48C4-A9BE-8506CC3A7D93}.Debug|Any CPU.ActiveCfg = Debug|Any CPU
		{5F79FC09-979E-48C4-A9BE-8506CC3A7D93}.Debug|Any CPU.Build.0 = Debug|Any CPU
		{5F79FC09-979E-48C4-A9BE-8506CC3A7D93}.Release|Any CPU.ActiveCfg = Release|Any CPU
		{5F79FC09-979E-48C4-A9BE-8506CC3A7D93}.Release|Any CPU.Build.0 = Release|Any CPU
		{350629E8-608E-4885-A41C-66143E68CC44}.Debug|Any CPU.ActiveCfg = Debug|Any CPU
		{350629E8-608E-4885-A41C-66143E68CC44}.Debug|Any CPU.Build.0 = Debug|Any CPU
		{350629E8-608E-4885-A41C-66143E68CC44}.Release|Any CPU.ActiveCfg = Release|Any CPU
		{350629E8-608E-4885-A41C-66143E68CC44}.Release|Any CPU.Build.0 = Release|Any CPU
		{7D1825DB-B3FD-4703-AACC-5E7B0D28703B}.Debug|Any CPU.ActiveCfg = Debug|Any CPU
		{7D1825DB-B3FD-4703-AACC-5E7B0D28703B}.Debug|Any CPU.Build.0 = Debug|Any CPU
		{7D1825DB-B3FD-4703-AACC-5E7B0D28703B}.Release|Any CPU.ActiveCfg = Release|Any CPU
		{7D1825DB-B3FD-4703-AACC-5E7B0D28703B}.Release|Any CPU.Build.0 = Release|Any CPU
		{E2B05FFA-8528-4007-A150-8735CE956BDC}.Debug|Any CPU.ActiveCfg = Debug|Any CPU
		{E2B05FFA-8528-4007-A150-8735CE956BDC}.Debug|Any CPU.Build.0 = Debug|Any CPU
		{E2B05FFA-8528-4007-A150-8735CE956BDC}.Release|Any CPU.ActiveCfg = Release|Any CPU
		{E2B05FFA-8528-4007-A150-8735CE956BDC}.Release|Any CPU.Build.0 = Release|Any CPU
		{C405EE2B-53E7-4811-B8DA-292DCF80F87F}.Debug|Any CPU.ActiveCfg = Debug|Any CPU
		{C405EE2B-53E7-4811-B8DA-292DCF80F87F}.Debug|Any CPU.Build.0 = Debug|Any CPU
		{C405EE2B-53E7-4811-B8DA-292DCF80F87F}.Release|Any CPU.ActiveCfg = Release|Any CPU
		{C405EE2B-53E7-4811-B8DA-292DCF80F87F}.Release|Any CPU.Build.0 = Release|Any CPU
		{4753EB99-00F3-4DC9-918B-C96740CAE006}.Debug|Any CPU.ActiveCfg = Debug|Any CPU
		{4753EB99-00F3-4DC9-918B-C96740CAE006}.Debug|Any CPU.Build.0 = Debug|Any CPU
		{4753EB99-00F3-4DC9-918B-C96740CAE006}.Release|Any CPU.ActiveCfg = Release|Any CPU
		{4753EB99-00F3-4DC9-918B-C96740CAE006}.Release|Any CPU.Build.0 = Release|Any CPU
		{A899A285-7971-41DE-A56A-BA1FB8CCB0EB}.Debug|Any CPU.ActiveCfg = Debug|Any CPU
		{A899A285-7971-41DE-A56A-BA1FB8CCB0EB}.Debug|Any CPU.Build.0 = Debug|Any CPU
		{A899A285-7971-41DE-A56A-BA1FB8CCB0EB}.Release|Any CPU.ActiveCfg = Release|Any CPU
		{A899A285-7971-41DE-A56A-BA1FB8CCB0EB}.Release|Any CPU.Build.0 = Release|Any CPU
		{D24DFE51-8B95-4C37-B659-17F73EB737B4}.Debug|Any CPU.ActiveCfg = Debug|Any CPU
		{D24DFE51-8B95-4C37-B659-17F73EB737B4}.Debug|Any CPU.Build.0 = Debug|Any CPU
		{D24DFE51-8B95-4C37-B659-17F73EB737B4}.Release|Any CPU.ActiveCfg = Release|Any CPU
		{D24DFE51-8B95-4C37-B659-17F73EB737B4}.Release|Any CPU.Build.0 = Release|Any CPU
		{CE6C4808-F8D1-451B-BE3A-0D0DA2B549DD}.Debug|Any CPU.ActiveCfg = Debug|Any CPU
		{CE6C4808-F8D1-451B-BE3A-0D0DA2B549DD}.Debug|Any CPU.Build.0 = Debug|Any CPU
		{CE6C4808-F8D1-451B-BE3A-0D0DA2B549DD}.Release|Any CPU.ActiveCfg = Release|Any CPU
		{CE6C4808-F8D1-451B-BE3A-0D0DA2B549DD}.Release|Any CPU.Build.0 = Release|Any CPU
		{5CE73A28-418A-4376-B618-C7AB4462E09C}.Debug|Any CPU.ActiveCfg = Debug|Any CPU
		{5CE73A28-418A-4376-B618-C7AB4462E09C}.Debug|Any CPU.Build.0 = Debug|Any CPU
		{5CE73A28-418A-4376-B618-C7AB4462E09C}.Release|Any CPU.ActiveCfg = Release|Any CPU
		{5CE73A28-418A-4376-B618-C7AB4462E09C}.Release|Any CPU.Build.0 = Release|Any CPU
		{992A5EE6-4AA2-4CB6-9007-0C709FFD9D62}.Debug|Any CPU.ActiveCfg = Debug|Any CPU
		{992A5EE6-4AA2-4CB6-9007-0C709FFD9D62}.Debug|Any CPU.Build.0 = Debug|Any CPU
		{992A5EE6-4AA2-4CB6-9007-0C709FFD9D62}.Release|Any CPU.ActiveCfg = Release|Any CPU
		{992A5EE6-4AA2-4CB6-9007-0C709FFD9D62}.Release|Any CPU.Build.0 = Release|Any CPU
		{A4B06AA7-F095-424D-A3CF-70CE0BBEC619}.Debug|Any CPU.ActiveCfg = Debug|Any CPU
		{A4B06AA7-F095-424D-A3CF-70CE0BBEC619}.Debug|Any CPU.Build.0 = Debug|Any CPU
		{A4B06AA7-F095-424D-A3CF-70CE0BBEC619}.Release|Any CPU.ActiveCfg = Release|Any CPU
		{A4B06AA7-F095-424D-A3CF-70CE0BBEC619}.Release|Any CPU.Build.0 = Release|Any CPU
		{6858A74A-BA18-4E5A-B626-E4F19B33D0B9}.Debug|Any CPU.ActiveCfg = Debug|Any CPU
		{6858A74A-BA18-4E5A-B626-E4F19B33D0B9}.Debug|Any CPU.Build.0 = Debug|Any CPU
		{6858A74A-BA18-4E5A-B626-E4F19B33D0B9}.Release|Any CPU.ActiveCfg = Release|Any CPU
		{6858A74A-BA18-4E5A-B626-E4F19B33D0B9}.Release|Any CPU.Build.0 = Release|Any CPU
		{B79D57F2-2DC3-4E18-B00C-BD330BB8DA1D}.Debug|Any CPU.ActiveCfg = Debug|Any CPU
		{B79D57F2-2DC3-4E18-B00C-BD330BB8DA1D}.Debug|Any CPU.Build.0 = Debug|Any CPU
		{B79D57F2-2DC3-4E18-B00C-BD330BB8DA1D}.Release|Any CPU.ActiveCfg = Release|Any CPU
		{B79D57F2-2DC3-4E18-B00C-BD330BB8DA1D}.Release|Any CPU.Build.0 = Release|Any CPU
		{159FF23C-9EA9-4366-9495-879814668922}.Debug|Any CPU.ActiveCfg = Debug|Any CPU
		{159FF23C-9EA9-4366-9495-879814668922}.Debug|Any CPU.Build.0 = Debug|Any CPU
		{159FF23C-9EA9-4366-9495-879814668922}.Release|Any CPU.ActiveCfg = Release|Any CPU
		{159FF23C-9EA9-4366-9495-879814668922}.Release|Any CPU.Build.0 = Release|Any CPU
		{77568DF1-716A-4A71-A790-68354DEF934F}.Debug|Any CPU.ActiveCfg = Debug|Any CPU
		{77568DF1-716A-4A71-A790-68354DEF934F}.Debug|Any CPU.Build.0 = Debug|Any CPU
		{77568DF1-716A-4A71-A790-68354DEF934F}.Release|Any CPU.ActiveCfg = Release|Any CPU
		{77568DF1-716A-4A71-A790-68354DEF934F}.Release|Any CPU.Build.0 = Release|Any CPU
		{54682D1C-1A9A-458C-94EA-272BF3B0AFDC}.Debug|Any CPU.ActiveCfg = Debug|Any CPU
		{54682D1C-1A9A-458C-94EA-272BF3B0AFDC}.Debug|Any CPU.Build.0 = Debug|Any CPU
		{54682D1C-1A9A-458C-94EA-272BF3B0AFDC}.Release|Any CPU.ActiveCfg = Release|Any CPU
		{54682D1C-1A9A-458C-94EA-272BF3B0AFDC}.Release|Any CPU.Build.0 = Release|Any CPU
		{36FA5977-0003-4A6F-9B93-8001BC963B6B}.Debug|Any CPU.ActiveCfg = Debug|Any CPU
		{36FA5977-0003-4A6F-9B93-8001BC963B6B}.Debug|Any CPU.Build.0 = Debug|Any CPU
		{36FA5977-0003-4A6F-9B93-8001BC963B6B}.Release|Any CPU.ActiveCfg = Release|Any CPU
		{36FA5977-0003-4A6F-9B93-8001BC963B6B}.Release|Any CPU.Build.0 = Release|Any CPU
		{31965248-CEB1-44BC-9957-A1187644DFED}.Debug|Any CPU.ActiveCfg = Debug|Any CPU
		{31965248-CEB1-44BC-9957-A1187644DFED}.Debug|Any CPU.Build.0 = Debug|Any CPU
		{31965248-CEB1-44BC-9957-A1187644DFED}.Release|Any CPU.ActiveCfg = Release|Any CPU
		{31965248-CEB1-44BC-9957-A1187644DFED}.Release|Any CPU.Build.0 = Release|Any CPU
		{D057CAF6-16C1-4F5D-A7CF-C43B5200054D}.Debug|Any CPU.ActiveCfg = Debug|Any CPU
		{D057CAF6-16C1-4F5D-A7CF-C43B5200054D}.Debug|Any CPU.Build.0 = Debug|Any CPU
		{D057CAF6-16C1-4F5D-A7CF-C43B5200054D}.Release|Any CPU.ActiveCfg = Release|Any CPU
		{D057CAF6-16C1-4F5D-A7CF-C43B5200054D}.Release|Any CPU.Build.0 = Release|Any CPU
	EndGlobalSection
EndGlobal
